<?xml version="1.0" encoding="UTF-8"?>
<Scheme
   LastUpgradeVersion = "0800"
   version = "1.3">
   <BuildAction
      parallelizeBuildables = "YES"
      buildImplicitDependencies = "YES">
      <BuildActionEntries>
         <BuildActionEntry
            buildForTesting = "YES"
            buildForRunning = "YES"
            buildForProfiling = "YES"
            buildForArchiving = "YES"
            buildForAnalyzing = "YES">
            <BuildableReference
               BuildableIdentifier = "primary"
               BlueprintIdentifier = "93D9EB921DA4051B00D8C87A"
               BuildableName = "BrickKit.framework"
               BlueprintName = "BrickKit-iOS"
               ReferencedContainer = "container:BrickKit.xcodeproj">
            </BuildableReference>
         </BuildActionEntry>
      </BuildActionEntries>
   </BuildAction>
   <TestAction
      buildConfiguration = "Debug"
      selectedDebuggerIdentifier = "Xcode.DebuggerFoundation.Debugger.LLDB"
      selectedLauncherIdentifier = "Xcode.DebuggerFoundation.Launcher.LLDB"
      shouldUseLaunchSchemeArgsEnv = "YES"
      codeCoverageEnabled = "YES">
      <Testables>
         <TestableReference
            skipped = "NO">
            <BuildableReference
               BuildableIdentifier = "primary"
               BlueprintIdentifier = "93D9EB9B1DA4051B00D8C87A"
               BuildableName = "BrickKitTests-iOS.xctest"
               BlueprintName = "BrickKitTests-iOS"
               ReferencedContainer = "container:BrickKit.xcodeproj">
            </BuildableReference>
            <SkippedTests>
               <Test
                  Identifier = "AlignRowHeightTests">
               </Test>
               <Test
                  Identifier = "AsynchronousResizableCellTests">
               </Test>
               <Test
                  Identifier = "BaseBrickCellTests">
               </Test>
               <Test
                  Identifier = "BrickAppearBehaviorTests">
               </Test>
               <Test
                  Identifier = "BrickAttributesZoneTests">
               </Test>
               <Test
                  Identifier = "BrickCollectionViewDataSourceTests">
               </Test>
               <Test
                  Identifier = "BrickCollectionViewTests">
               </Test>
               <Test
                  Identifier = "BrickDimensionTests">
               </Test>
               <Test
                  Identifier = "BrickExtensionsTests">
               </Test>
               <Test
                  Identifier = "BrickFlowLayoutBaseTests">
               </Test>
               <Test
                  Identifier = "BrickFlowLayoutEdgeInsetsTests">
               </Test>
               <Test
                  Identifier = "BrickFlowLayoutSectionTests">
               </Test>
               <Test
                  Identifier = "BrickFlowLayoutTests">
               </Test>
               <Test
                  Identifier = "BrickFlowLayoutZIndexTests">
               </Test>
               <Test
                  Identifier = "BrickInvalidationContextTests">
               </Test>
               <Test
                  Identifier = "BrickKitTests">
               </Test>
               <Test
                  Identifier = "BrickLayoutSectionBinarySearchTests">
               </Test>
               <Test
                  Identifier = "BrickLayoutSectionTests">
               </Test>
               <Test
                  Identifier = "BrickLayoutSectionTests/testAppendItem()">
               </Test>
               <Test
                  Identifier = "BrickLayoutSectionTests/testAppendItems()">
               </Test>
               <Test
                  Identifier = "BrickLayoutSectionTests/testDeleteLastItem()">
               </Test>
               <Test
                  Identifier = "BrickLayoutSectionTests/testDeleteLastItemEmpty()">
               </Test>
               <Test
                  Identifier = "BrickLayoutSectionTests/testDeleteLastItems()">
               </Test>
               <Test
                  Identifier = "BrickLayoutSectionTests/testDoubleThreeBy()">
               </Test>
               <Test
                  Identifier = "BrickLayoutSectionTests/testNoDataSource()">
               </Test>
               <Test
                  Identifier = "BrickLayoutSectionTests/testNoInvalidateWithoutDataSource()">
               </Test>
               <Test
                  Identifier = "BrickLayoutSectionTests/testNoItems()">
               </Test>
               <Test
                  Identifier = "BrickLayoutSectionTests/testSimpleRows()">
               </Test>
               <Test
                  Identifier = "BrickLayoutSectionTests/testThreeBy()">
               </Test>
               <Test
                  Identifier = "BrickLayoutSectionTests/testUpdateHeightAtIndexZero()">
               </Test>
               <Test
                  Identifier = "BrickLayoutSectionTests/testUpdateLargerHeightInMiddle()">
               </Test>
               <Test
                  Identifier = "BrickLayoutSectionTests/testUpdateSmallerHeightInMiddle()">
               </Test>
               <Test
                  Identifier = "BrickModelsTests">
               </Test>
               <Test
                  Identifier = "BrickSectionDataSourceTests">
               </Test>
               <Test
                  Identifier = "BrickSelfsizingFlowLayoutTests">
               </Test>
               <Test
                  Identifier = "BrickUtilsTests">
               </Test>
               <Test
                  Identifier = "BrickViewControllerTests">
               </Test>
               <Test
                  Identifier = "ButtonBrickTests">
               </Test>
               <Test
                  Identifier = "CardLayoutBehaviorTests">
               </Test>
               <Test
                  Identifier = "CollectionBrickTests">
               </Test>
               <Test
                  Identifier = "CoverFlowLayoutBehaviorTests">
               </Test>
               <Test
                  Identifier = "HideLayoutBehaviorTests">
               </Test>
               <Test
                  Identifier = "ImageBrickTests">
               </Test>
               <Test
                  Identifier = "ImageDownloaderCellTests">
               </Test>
               <Test
                  Identifier = "InteractiveTests">
               </Test>
               <Test
                  Identifier = "LabelBrickTests">
               </Test>
               <Test
                  Identifier = "MaxZIndexBehaviorTests">
               </Test>
               <Test
                  Identifier = "MinimumStickyLayoutBehaviorTests">
               </Test>
               <Test
                  Identifier = "OffsetLayoutBehaviorTests">
               </Test>
               <Test
                  Identifier = "OnScrollDownStickyLayoutBehaviorTests">
               </Test>
               <Test
                  Identifier = "SetZIndexBehaviorTests">
               </Test>
               <Test
                  Identifier = "SnapToPointLayoutBehaviorTests">
               </Test>
               <Test
                  Identifier = "SpotlightLayoutBehaviorTests">
               </Test>
               <Test
                  Identifier = "StickyFooterLayoutBehaviorTests">
               </Test>
               <Test
                  Identifier = "StickyLayoutBehaviorTests">
               </Test>
            </SkippedTests>
         </TestableReference>
      </Testables>
      <MacroExpansion>
         <BuildableReference
            BuildableIdentifier = "primary"
            BlueprintIdentifier = "93D9EB921DA4051B00D8C87A"
            BuildableName = "BrickKit.framework"
            BlueprintName = "BrickKit-iOS"
            ReferencedContainer = "container:BrickKit.xcodeproj">
         </BuildableReference>
      </MacroExpansion>
      <AdditionalOptions>
      </AdditionalOptions>
   </TestAction>
   <LaunchAction
      buildConfiguration = "Debug"
      selectedDebuggerIdentifier = "Xcode.DebuggerFoundation.Debugger.LLDB"
      selectedLauncherIdentifier = "Xcode.DebuggerFoundation.Launcher.LLDB"
      launchStyle = "0"
      useCustomWorkingDirectory = "NO"
      ignoresPersistentStateOnLaunch = "NO"
      debugDocumentVersioning = "YES"
      debugServiceExtension = "internal"
      allowLocationSimulation = "YES">
      <MacroExpansion>
         <BuildableReference
            BuildableIdentifier = "primary"
            BlueprintIdentifier = "93D9EB921DA4051B00D8C87A"
            BuildableName = "BrickKit.framework"
            BlueprintName = "BrickKit-iOS"
            ReferencedContainer = "container:BrickKit.xcodeproj">
         </BuildableReference>
      </MacroExpansion>
      <AdditionalOptions>
      </AdditionalOptions>
   </LaunchAction>
   <ProfileAction
      buildConfiguration = "Release"
      shouldUseLaunchSchemeArgsEnv = "YES"
      savedToolIdentifier = ""
      useCustomWorkingDirectory = "NO"
      debugDocumentVersioning = "YES">
      <MacroExpansion>
         <BuildableReference
            BuildableIdentifier = "primary"
            BlueprintIdentifier = "93D9EB921DA4051B00D8C87A"
            BuildableName = "BrickKit.framework"
            BlueprintName = "BrickKit-iOS"
            ReferencedContainer = "container:BrickKit.xcodeproj">
         </BuildableReference>
      </MacroExpansion>
   </ProfileAction>
   <AnalyzeAction
      buildConfiguration = "Debug">
   </AnalyzeAction>
   <ArchiveAction
      buildConfiguration = "Release"
      revealArchiveInOrganizer = "YES">
   </ArchiveAction>
</Scheme>
